// !$*UTF8*$!
{
	archiveVersion = 1;
	classes = {
	};
	objectVersion = 46;
	objects = {

/* Begin PBXBuildFile section */
		3345A7281C4B5E1D00C3EA92 /* CircleProgressBarView.swift in Sources */ = {isa = PBXBuildFile; fileRef = 3345A7271C4B5E1D00C3EA92 /* CircleProgressBarView.swift */; };
		33B87E1F1C4AD77D007C79DF /* AppDelegate.swift in Sources */ = {isa = PBXBuildFile; fileRef = 33B87E1E1C4AD77D007C79DF /* AppDelegate.swift */; };
		33B87E211C4AD77D007C79DF /* ViewController.swift in Sources */ = {isa = PBXBuildFile; fileRef = 33B87E201C4AD77D007C79DF /* ViewController.swift */; };
		33B87E241C4AD77D007C79DF /* Main.storyboard in Resources */ = {isa = PBXBuildFile; fileRef = 33B87E221C4AD77D007C79DF /* Main.storyboard */; };
		33B87E261C4AD77D007C79DF /* Assets.xcassets in Resources */ = {isa = PBXBuildFile; fileRef = 33B87E251C4AD77D007C79DF /* Assets.xcassets */; };
		33B87E291C4AD77D007C79DF /* LaunchScreen.storyboard in Resources */ = {isa = PBXBuildFile; fileRef = 33B87E271C4AD77D007C79DF /* LaunchScreen.storyboard */; };
		33CF7CDC1C4AF83500940D2F /* AlertTimerVC.swift in Sources */ = {isa = PBXBuildFile; fileRef = 33CF7CDB1C4AF83500940D2F /* AlertTimerVC.swift */; };
		DD37DC511C4BE99B0052FFD1 /* CFNetwork.framework in Frameworks */ = {isa = PBXBuildFile; fileRef = DD37DC501C4BE99B0052FFD1 /* CFNetwork.framework */; };
		DD37DC531C4BE9A10052FFD1 /* libz.tbd in Frameworks */ = {isa = PBXBuildFile; fileRef = DD37DC521C4BE9A10052FFD1 /* libz.tbd */; };
		DD37DC551C4BE9A90052FFD1 /* libsqlite3.tbd in Frameworks */ = {isa = PBXBuildFile; fileRef = DD37DC541C4BE9A90052FFD1 /* libsqlite3.tbd */; };
		DD37DC571C4BE9B00052FFD1 /* StoreKit.framework in Frameworks */ = {isa = PBXBuildFile; fileRef = DD37DC561C4BE9B00052FFD1 /* StoreKit.framework */; };
		DD37DC591C4BE9CB0052FFD1 /* QuartzCore.framework in Frameworks */ = {isa = PBXBuildFile; fileRef = DD37DC581C4BE9CB0052FFD1 /* QuartzCore.framework */; };
		DD37DC5B1C4BE9D90052FFD1 /* CoreGraphics.framework in Frameworks */ = {isa = PBXBuildFile; fileRef = DD37DC5A1C4BE9D90052FFD1 /* CoreGraphics.framework */; };
		DD37DC5D1C4BE9EF0052FFD1 /* SystemConfiguration.framework in Frameworks */ = {isa = PBXBuildFile; fileRef = DD37DC5C1C4BE9EF0052FFD1 /* SystemConfiguration.framework */; };
		DD37DC5F1C4BEA3F0052FFD1 /* AudioToolbox.framework in Frameworks */ = {isa = PBXBuildFile; fileRef = DD37DC5E1C4BEA3F0052FFD1 /* AudioToolbox.framework */; };
		DD37DC621C4BEAD30052FFD1 /* Bolts.framework in Frameworks */ = {isa = PBXBuildFile; fileRef = DD37DC601C4BEAD30052FFD1 /* Bolts.framework */; };
		DD37DC631C4BEAD30052FFD1 /* Parse.framework in Frameworks */ = {isa = PBXBuildFile; fileRef = DD37DC611C4BEAD30052FFD1 /* Parse.framework */; };
		F18D40421C4B08FB002A415C /* MonitorVC.swift in Sources */ = {isa = PBXBuildFile; fileRef = F18D40411C4B08FB002A415C /* MonitorVC.swift */; };
		F18D40441C4B2099002A415C /* UserSettings.swift in Sources */ = {isa = PBXBuildFile; fileRef = F18D40431C4B2099002A415C /* UserSettings.swift */; };
		F18D40481C4B31C6002A415C /* EmergencyContactsVC.swift in Sources */ = {isa = PBXBuildFile; fileRef = F18D40471C4B31C6002A415C /* EmergencyContactsVC.swift */; };
		F18D404A1C4B3592002A415C /* AddContactsVC.swift in Sources */ = {isa = PBXBuildFile; fileRef = F18D40491C4B3592002A415C /* AddContactsVC.swift */; };
		F18D404C1C4B5728002A415C /* EmergencyContactCell.swift in Sources */ = {isa = PBXBuildFile; fileRef = F18D404B1C4B5728002A415C /* EmergencyContactCell.swift */; };
		F18D40A81C4BAB49002A415C /* CoreLocation.framework in Frameworks */ = {isa = PBXBuildFile; fileRef = F18D40A71C4BAB49002A415C /* CoreLocation.framework */; };
/* End PBXBuildFile section */

/* Begin PBXFileReference section */
		3345A7271C4B5E1D00C3EA92 /* CircleProgressBarView.swift */ = {isa = PBXFileReference; fileEncoding = 4; lastKnownFileType = sourcecode.swift; path = CircleProgressBarView.swift; sourceTree = "<group>"; };
		33B87E1B1C4AD77D007C79DF /* help-fall-app.app */ = {isa = PBXFileReference; explicitFileType = wrapper.application; includeInIndex = 0; path = "help-fall-app.app"; sourceTree = BUILT_PRODUCTS_DIR; };
		33B87E1E1C4AD77D007C79DF /* AppDelegate.swift */ = {isa = PBXFileReference; lastKnownFileType = sourcecode.swift; path = AppDelegate.swift; sourceTree = "<group>"; };
		33B87E201C4AD77D007C79DF /* ViewController.swift */ = {isa = PBXFileReference; lastKnownFileType = sourcecode.swift; path = ViewController.swift; sourceTree = "<group>"; };
		33B87E231C4AD77D007C79DF /* Base */ = {isa = PBXFileReference; lastKnownFileType = file.storyboard; name = Base; path = Base.lproj/Main.storyboard; sourceTree = "<group>"; };
		33B87E251C4AD77D007C79DF /* Assets.xcassets */ = {isa = PBXFileReference; lastKnownFileType = folder.assetcatalog; path = Assets.xcassets; sourceTree = "<group>"; };
		33B87E281C4AD77D007C79DF /* Base */ = {isa = PBXFileReference; lastKnownFileType = file.storyboard; name = Base; path = Base.lproj/LaunchScreen.storyboard; sourceTree = "<group>"; };
		33B87E2A1C4AD77D007C79DF /* Info.plist */ = {isa = PBXFileReference; lastKnownFileType = text.plist.xml; path = Info.plist; sourceTree = "<group>"; };
		33CF7CDB1C4AF83500940D2F /* AlertTimerVC.swift */ = {isa = PBXFileReference; fileEncoding = 4; lastKnownFileType = sourcecode.swift; path = AlertTimerVC.swift; sourceTree = "<group>"; };
		DD37DC501C4BE99B0052FFD1 /* CFNetwork.framework */ = {isa = PBXFileReference; lastKnownFileType = wrapper.framework; name = CFNetwork.framework; path = System/Library/Frameworks/CFNetwork.framework; sourceTree = SDKROOT; };
		DD37DC521C4BE9A10052FFD1 /* libz.tbd */ = {isa = PBXFileReference; lastKnownFileType = "sourcecode.text-based-dylib-definition"; name = libz.tbd; path = usr/lib/libz.tbd; sourceTree = SDKROOT; };
		DD37DC541C4BE9A90052FFD1 /* libsqlite3.tbd */ = {isa = PBXFileReference; lastKnownFileType = "sourcecode.text-based-dylib-definition"; name = libsqlite3.tbd; path = usr/lib/libsqlite3.tbd; sourceTree = SDKROOT; };
		DD37DC561C4BE9B00052FFD1 /* StoreKit.framework */ = {isa = PBXFileReference; lastKnownFileType = wrapper.framework; name = StoreKit.framework; path = System/Library/Frameworks/StoreKit.framework; sourceTree = SDKROOT; };
		DD37DC581C4BE9CB0052FFD1 /* QuartzCore.framework */ = {isa = PBXFileReference; lastKnownFileType = wrapper.framework; name = QuartzCore.framework; path = System/Library/Frameworks/QuartzCore.framework; sourceTree = SDKROOT; };
		DD37DC5A1C4BE9D90052FFD1 /* CoreGraphics.framework */ = {isa = PBXFileReference; lastKnownFileType = wrapper.framework; name = CoreGraphics.framework; path = System/Library/Frameworks/CoreGraphics.framework; sourceTree = SDKROOT; };
		DD37DC5C1C4BE9EF0052FFD1 /* SystemConfiguration.framework */ = {isa = PBXFileReference; lastKnownFileType = wrapper.framework; name = SystemConfiguration.framework; path = System/Library/Frameworks/SystemConfiguration.framework; sourceTree = SDKROOT; };
		DD37DC5E1C4BEA3F0052FFD1 /* AudioToolbox.framework */ = {isa = PBXFileReference; lastKnownFileType = wrapper.framework; name = AudioToolbox.framework; path = System/Library/Frameworks/AudioToolbox.framework; sourceTree = SDKROOT; };
		DD37DC601C4BEAD30052FFD1 /* Bolts.framework */ = {isa = PBXFileReference; lastKnownFileType = wrapper.framework; path = Bolts.framework; sourceTree = "<group>"; };
		DD37DC611C4BEAD30052FFD1 /* Parse.framework */ = {isa = PBXFileReference; lastKnownFileType = wrapper.framework; path = Parse.framework; sourceTree = "<group>"; };
		F18D40411C4B08FB002A415C /* MonitorVC.swift */ = {isa = PBXFileReference; fileEncoding = 4; lastKnownFileType = sourcecode.swift; path = MonitorVC.swift; sourceTree = "<group>"; };
		F18D40431C4B2099002A415C /* UserSettings.swift */ = {isa = PBXFileReference; fileEncoding = 4; lastKnownFileType = sourcecode.swift; path = UserSettings.swift; sourceTree = "<group>"; };
		F18D40471C4B31C6002A415C /* EmergencyContactsVC.swift */ = {isa = PBXFileReference; fileEncoding = 4; lastKnownFileType = sourcecode.swift; name = EmergencyContactsVC.swift; path = ../EmergencyContactsVC.swift; sourceTree = "<group>"; };
		F18D40491C4B3592002A415C /* AddContactsVC.swift */ = {isa = PBXFileReference; fileEncoding = 4; lastKnownFileType = sourcecode.swift; path = AddContactsVC.swift; sourceTree = "<group>"; };
		F18D404B1C4B5728002A415C /* EmergencyContactCell.swift */ = {isa = PBXFileReference; fileEncoding = 4; lastKnownFileType = sourcecode.swift; path = EmergencyContactCell.swift; sourceTree = "<group>"; };
		F18D40A71C4BAB49002A415C /* CoreLocation.framework */ = {isa = PBXFileReference; lastKnownFileType = wrapper.framework; name = CoreLocation.framework; path = System/Library/Frameworks/CoreLocation.framework; sourceTree = SDKROOT; };
/* End PBXFileReference section */

/* Begin PBXFrameworksBuildPhase section */
		33B87E181C4AD77D007C79DF /* Frameworks */ = {
			isa = PBXFrameworksBuildPhase;
			buildActionMask = 2147483647;
			files = (
				DD37DC5F1C4BEA3F0052FFD1 /* AudioToolbox.framework in Frameworks */,
				DD37DC5D1C4BE9EF0052FFD1 /* SystemConfiguration.framework in Frameworks */,
				DD37DC5B1C4BE9D90052FFD1 /* CoreGraphics.framework in Frameworks */,
				DD37DC591C4BE9CB0052FFD1 /* QuartzCore.framework in Frameworks */,
				DD37DC571C4BE9B00052FFD1 /* StoreKit.framework in Frameworks */,
				DD37DC621C4BEAD30052FFD1 /* Bolts.framework in Frameworks */,
				DD37DC631C4BEAD30052FFD1 /* Parse.framework in Frameworks */,
				DD37DC551C4BE9A90052FFD1 /* libsqlite3.tbd in Frameworks */,
				DD37DC531C4BE9A10052FFD1 /* libz.tbd in Frameworks */,
				DD37DC511C4BE99B0052FFD1 /* CFNetwork.framework in Frameworks */,
				F18D40A81C4BAB49002A415C /* CoreLocation.framework in Frameworks */,
			);
			runOnlyForDeploymentPostprocessing = 0;
		};
/* End PBXFrameworksBuildPhase section */

/* Begin PBXGroup section */
		3345A7291C4B5E3D00C3EA92 /* Controllers */ = {
			isa = PBXGroup;
			children = (
				33B87E201C4AD77D007C79DF /* ViewController.swift */,
				F18D40471C4B31C6002A415C /* EmergencyContactsVC.swift */,
				33CF7CDB1C4AF83500940D2F /* AlertTimerVC.swift */,
				F18D40411C4B08FB002A415C /* MonitorVC.swift */,
				F18D40491C4B3592002A415C /* AddContactsVC.swift */,
			);
			name = Controllers;
			sourceTree = "<group>";
		};
		3345A72A1C4B5E4D00C3EA92 /* Views */ = {
			isa = PBXGroup;
			children = (
				F18D404B1C4B5728002A415C /* EmergencyContactCell.swift */,
			);
			name = Views;
			sourceTree = "<group>";
		};
		3345A72B1C4B5E6100C3EA92 /* Resources */ = {
			isa = PBXGroup;
			children = (
				F18D40431C4B2099002A415C /* UserSettings.swift */,
				3345A7271C4B5E1D00C3EA92 /* CircleProgressBarView.swift */,
			);
			name = Resources;
			sourceTree = "<group>";
		};
		33B87E121C4AD77D007C79DF = {
			isa = PBXGroup;
			children = (
				DD37DC641C4BEB5F0052FFD1 /* Frameworks */,
				33B87E1D1C4AD77D007C79DF /* help-fall-app */,
				33B87E1C1C4AD77D007C79DF /* Products */,
			);
			sourceTree = "<group>";
		};
		33B87E1C1C4AD77D007C79DF /* Products */ = {
			isa = PBXGroup;
			children = (
				33B87E1B1C4AD77D007C79DF /* help-fall-app.app */,
			);
			name = Products;
			sourceTree = "<group>";
		};
		33B87E1D1C4AD77D007C79DF /* help-fall-app */ = {
			isa = PBXGroup;
			children = (
				33B87E1E1C4AD77D007C79DF /* AppDelegate.swift */,
				3345A7291C4B5E3D00C3EA92 /* Controllers */,
				3345A72A1C4B5E4D00C3EA92 /* Views */,
				3345A72B1C4B5E6100C3EA92 /* Resources */,
				33B87E221C4AD77D007C79DF /* Main.storyboard */,
				33B87E251C4AD77D007C79DF /* Assets.xcassets */,
				33B87E271C4AD77D007C79DF /* LaunchScreen.storyboard */,
				33B87E2A1C4AD77D007C79DF /* Info.plist */,
			);
			path = "help-fall-app";
			sourceTree = "<group>";
		};
		DD37DC641C4BEB5F0052FFD1 /* Frameworks */ = {
			isa = PBXGroup;
			children = (
				DD37DC5E1C4BEA3F0052FFD1 /* AudioToolbox.framework */,
				DD37DC5C1C4BE9EF0052FFD1 /* SystemConfiguration.framework */,
				DD37DC5A1C4BE9D90052FFD1 /* CoreGraphics.framework */,
				DD37DC581C4BE9CB0052FFD1 /* QuartzCore.framework */,
				DD37DC561C4BE9B00052FFD1 /* StoreKit.framework */,
				DD37DC541C4BE9A90052FFD1 /* libsqlite3.tbd */,
				DD37DC521C4BE9A10052FFD1 /* libz.tbd */,
				DD37DC601C4BEAD30052FFD1 /* Bolts.framework */,
				DD37DC611C4BEAD30052FFD1 /* Parse.framework */,
				DD37DC501C4BE99B0052FFD1 /* CFNetwork.framework */,
				F18D40A71C4BAB49002A415C /* CoreLocation.framework */,
			);
			name = Frameworks;
			sourceTree = "<group>";
		};
/* End PBXGroup section */

/* Begin PBXNativeTarget section */
		33B87E1A1C4AD77D007C79DF /* help-fall-app */ = {
			isa = PBXNativeTarget;
			buildConfigurationList = 33B87E2D1C4AD77D007C79DF /* Build configuration list for PBXNativeTarget "help-fall-app" */;
			buildPhases = (
				33B87E171C4AD77D007C79DF /* Sources */,
				33B87E181C4AD77D007C79DF /* Frameworks */,
				33B87E191C4AD77D007C79DF /* Resources */,
			);
			buildRules = (
			);
			dependencies = (
			);
			name = "help-fall-app";
			productName = "help-fall-app";
			productReference = 33B87E1B1C4AD77D007C79DF /* help-fall-app.app */;
			productType = "com.apple.product-type.application";
		};
/* End PBXNativeTarget section */

/* Begin PBXProject section */
		33B87E131C4AD77D007C79DF /* Project object */ = {
			isa = PBXProject;
			attributes = {
				LastSwiftUpdateCheck = 0720;
				LastUpgradeCheck = 0720;
				ORGANIZATIONNAME = "Simon Quach";
				TargetAttributes = {
					33B87E1A1C4AD77D007C79DF = {
						CreatedOnToolsVersion = 7.2;
					};
				};
			};
			buildConfigurationList = 33B87E161C4AD77D007C79DF /* Build configuration list for PBXProject "help-fall-app" */;
			compatibilityVersion = "Xcode 3.2";
			developmentRegion = English;
			hasScannedForEncodings = 0;
			knownRegions = (
				en,
				Base,
			);
			mainGroup = 33B87E121C4AD77D007C79DF;
			productRefGroup = 33B87E1C1C4AD77D007C79DF /* Products */;
			projectDirPath = "";
			projectRoot = "";
			targets = (
				33B87E1A1C4AD77D007C79DF /* help-fall-app */,
			);
		};
/* End PBXProject section */

/* Begin PBXResourcesBuildPhase section */
		33B87E191C4AD77D007C79DF /* Resources */ = {
			isa = PBXResourcesBuildPhase;
			buildActionMask = 2147483647;
			files = (
				33B87E291C4AD77D007C79DF /* LaunchScreen.storyboard in Resources */,
				33B87E261C4AD77D007C79DF /* Assets.xcassets in Resources */,
				33B87E241C4AD77D007C79DF /* Main.storyboard in Resources */,
			);
			runOnlyForDeploymentPostprocessing = 0;
		};
/* End PBXResourcesBuildPhase section */

/* Begin PBXSourcesBuildPhase section */
		33B87E171C4AD77D007C79DF /* Sources */ = {
			isa = PBXSourcesBuildPhase;
			buildActionMask = 2147483647;
			files = (
				F18D404C1C4B5728002A415C /* EmergencyContactCell.swift in Sources */,
				33B87E211C4AD77D007C79DF /* ViewController.swift in Sources */,
				33CF7CDC1C4AF83500940D2F /* AlertTimerVC.swift in Sources */,
				33B87E1F1C4AD77D007C79DF /* AppDelegate.swift in Sources */,
				F18D40441C4B2099002A415C /* UserSettings.swift in Sources */,
				F18D404A1C4B3592002A415C /* AddContactsVC.swift in Sources */,
				F18D40421C4B08FB002A415C /* MonitorVC.swift in Sources */,
				F18D40481C4B31C6002A415C /* EmergencyContactsVC.swift in Sources */,
				3345A7281C4B5E1D00C3EA92 /* CircleProgressBarView.swift in Sources */,
			);
			runOnlyForDeploymentPostprocessing = 0;
		};
/* End PBXSourcesBuildPhase section */

/* Begin PBXVariantGroup section */
		33B87E221C4AD77D007C79DF /* Main.storyboard */ = {
			isa = PBXVariantGroup;
			children = (
				33B87E231C4AD77D007C79DF /* Base */,
			);
			name = Main.storyboard;
			sourceTree = "<group>";
		};
		33B87E271C4AD77D007C79DF /* LaunchScreen.storyboard */ = {
			isa = PBXVariantGroup;
			children = (
				33B87E281C4AD77D007C79DF /* Base */,
			);
			name = LaunchScreen.storyboard;
			sourceTree = "<group>";
		};
/* End PBXVariantGroup section */

/* Begin XCBuildConfiguration section */
		33B87E2B1C4AD77D007C79DF /* Debug */ = {
			isa = XCBuildConfiguration;
			buildSettings = {
				ALWAYS_SEARCH_USER_PATHS = NO;
				CLANG_CXX_LANGUAGE_STANDARD = "gnu++0x";
				CLANG_CXX_LIBRARY = "libc++";
				CLANG_ENABLE_MODULES = YES;
				CLANG_ENABLE_OBJC_ARC = YES;
				CLANG_WARN_BOOL_CONVERSION = YES;
				CLANG_WARN_CONSTANT_CONVERSION = YES;
				CLANG_WARN_DIRECT_OBJC_ISA_USAGE = YES_ERROR;
				CLANG_WARN_EMPTY_BODY = YES;
				CLANG_WARN_ENUM_CONVERSION = YES;
				CLANG_WARN_INT_CONVERSION = YES;
				CLANG_WARN_OBJC_ROOT_CLASS = YES_ERROR;
				CLANG_WARN_UNREACHABLE_CODE = YES;
				CLANG_WARN__DUPLICATE_METHOD_MATCH = YES;
				"CODE_SIGN_IDENTITY[sdk=iphoneos*]" = "iPhone Developer";
				COPY_PHASE_STRIP = NO;
				DEBUG_INFORMATION_FORMAT = dwarf;
				ENABLE_STRICT_OBJC_MSGSEND = YES;
				ENABLE_TESTABILITY = YES;
				GCC_C_LANGUAGE_STANDARD = gnu99;
				GCC_DYNAMIC_NO_PIC = NO;
				GCC_NO_COMMON_BLOCKS = YES;
				GCC_OPTIMIZATION_LEVEL = 0;
				GCC_PREPROCESSOR_DEFINITIONS = (
					"DEBUG=1",
					"$(inherited)",
				);
				GCC_WARN_64_TO_32_BIT_CONVERSION = YES;
				GCC_WARN_ABOUT_RETURN_TYPE = YES_ERROR;
				GCC_WARN_UNDECLARED_SELECTOR = YES;
				GCC_WARN_UNINITIALIZED_AUTOS = YES_AGGRESSIVE;
				GCC_WARN_UNUSED_FUNCTION = YES;
				GCC_WARN_UNUSED_VARIABLE = YES;
				IPHONEOS_DEPLOYMENT_TARGET = 9.2;
				MTL_ENABLE_DEBUG_INFO = YES;
				ONLY_ACTIVE_ARCH = YES;
				SDKROOT = iphoneos;
				SWIFT_OPTIMIZATION_LEVEL = "-Onone";
			};
			name = Debug;
		};
		33B87E2C1C4AD77D007C79DF /* Release */ = {
			isa = XCBuildConfiguration;
			buildSettings = {
				ALWAYS_SEARCH_USER_PATHS = NO;
				CLANG_CXX_LANGUAGE_STANDARD = "gnu++0x";
				CLANG_CXX_LIBRARY = "libc++";
				CLANG_ENABLE_MODULES = YES;
				CLANG_ENABLE_OBJC_ARC = YES;
				CLANG_WARN_BOOL_CONVERSION = YES;
				CLANG_WARN_CONSTANT_CONVERSION = YES;
				CLANG_WARN_DIRECT_OBJC_ISA_USAGE = YES_ERROR;
				CLANG_WARN_EMPTY_BODY = YES;
				CLANG_WARN_ENUM_CONVERSION = YES;
				CLANG_WARN_INT_CONVERSION = YES;
				CLANG_WARN_OBJC_ROOT_CLASS = YES_ERROR;
				CLANG_WARN_UNREACHABLE_CODE = YES;
				CLANG_WARN__DUPLICATE_METHOD_MATCH = YES;
				"CODE_SIGN_IDENTITY[sdk=iphoneos*]" = "iPhone Developer";
				COPY_PHASE_STRIP = NO;
				DEBUG_INFORMATION_FORMAT = "dwarf-with-dsym";
				ENABLE_NS_ASSERTIONS = NO;
				ENABLE_STRICT_OBJC_MSGSEND = YES;
				GCC_C_LANGUAGE_STANDARD = gnu99;
				GCC_NO_COMMON_BLOCKS = YES;
				GCC_WARN_64_TO_32_BIT_CONVERSION = YES;
				GCC_WARN_ABOUT_RETURN_TYPE = YES_ERROR;
				GCC_WARN_UNDECLARED_SELECTOR = YES;
				GCC_WARN_UNINITIALIZED_AUTOS = YES_AGGRESSIVE;
				GCC_WARN_UNUSED_FUNCTION = YES;
				GCC_WARN_UNUSED_VARIABLE = YES;
				IPHONEOS_DEPLOYMENT_TARGET = 9.2;
				MTL_ENABLE_DEBUG_INFO = NO;
				SDKROOT = iphoneos;
				VALIDATE_PRODUCT = YES;
			};
			name = Release;
		};
		33B87E2E1C4AD77D007C79DF /* Debug */ = {
			isa = XCBuildConfiguration;
			buildSettings = {
				ASSETCATALOG_COMPILER_APPICON_NAME = AppIcon;
				FRAMEWORK_SEARCH_PATHS = (
					"$(inherited)",
					"$(PROJECT_DIR)",
				);
				INFOPLIST_FILE = "help-fall-app/Info.plist";
				IPHONEOS_DEPLOYMENT_TARGET = 9.0;
				LD_RUNPATH_SEARCH_PATHS = "$(inherited) @executable_path/Frameworks";
				PRODUCT_BUNDLE_IDENTIFIER = "superdev.help-fall-app";
				PRODUCT_NAME = "$(TARGET_NAME)";
			};
			name = Debug;
		};
		33B87E2F1C4AD77D007C79DF /* Release */ = {
			isa = XCBuildConfiguration;
			buildSettings = {
				ASSETCATALOG_COMPILER_APPICON_NAME = AppIcon;
				FRAMEWORK_SEARCH_PATHS = (
					"$(inherited)",
					"$(PROJECT_DIR)",
				);
				INFOPLIST_FILE = "help-fall-app/Info.plist";
				IPHONEOS_DEPLOYMENT_TARGET = 9.0;
				LD_RUNPATH_SEARCH_PATHS = "$(inherited) @executable_path/Frameworks";
				PRODUCT_BUNDLE_IDENTIFIER = "superdev.help-fall-app";
				PRODUCT_NAME = "$(TARGET_NAME)";
			};
			name = Release;
		};
/* End XCBuildConfiguration section */

/* Begin XCConfigurationList section */
		33B87E161C4AD77D007C79DF /* Build configuration list for PBXProject "help-fall-app" */ = {
			isa = XCConfigurationList;
			buildConfigurations = (
				33B87E2B1C4AD77D007C79DF /* Debug */,
				33B87E2C1C4AD77D007C79DF /* Release */,
			);
			defaultConfigurationIsVisible = 0;
			defaultConfigurationName = Release;
		};
		33B87E2D1C4AD77D007C79DF /* Build configuration list for PBXNativeTarget "help-fall-app" */ = {
			isa = XCConfigurationList;
			buildConfigurations = (
				33B87E2E1C4AD77D007C79DF /* Debug */,
				33B87E2F1C4AD77D007C79DF /* Release */,
			);
			defaultConfigurationIsVisible = 0;
			defaultConfigurationName = Release;
		};
/* End XCConfigurationList section */
	};
	rootObject = 33B87E131C4AD77D007C79DF /* Project object */;
}
